{
  "pins" : [
    {
      "identity" : "wwprivateview",
      "kind" : "remoteSourceControl",
      "location" : "https://github.com/William-Weng/WWPrivateView",
      "state" : {
        "revision" : "886aa602c27344fca99139007478a6b17c0b331f",
        "version" : "1.0.0"
      }
    }
  ],
  "version" : 2
}
